
Microsoft Visual Studio Solution File, Format Version 12.00
# Visual Studio Version 17
VisualStudioVersion = 17.3.32819.101
MinimumVisualStudioVersion = 10.0.40219.1
Project("{FAE04EC0-301F-11D3-BF4B-00C04F79EFBC}") = "6-7ScrapingHomework", "6-7ScrapingHomework\6-7ScrapingHomework.csproj", "{6ECAC0E9-05F8-4FB1-9DF6-0FA8AC4DCD73}"
EndProject
Global
	GlobalSection(SolutionConfigurationPlatforms) = preSolution
		Debug|Any CPU = Debug|Any CPU
		Release|Any CPU = Release|Any CPU
	EndGlobalSection
	GlobalSection(ProjectConfigurationPlatforms) = postSolution
		{6ECAC0E9-05F8-4FB1-9DF6-0FA8AC4DCD73}.Debug|Any CPU.ActiveCfg = Debug|Any CPU
		{6ECAC0E9-05F8-4FB1-9DF6-0FA8AC4DCD73}.Debug|Any CPU.Build.0 = Debug|Any CPU
		{6ECAC0E9-05F8-4FB1-9DF6-0FA8AC4DCD73}.Release|Any CPU.ActiveCfg = Release|Any CPU
		{6ECAC0E9-05F8-4FB1-9DF6-0FA8AC4DCD73}.Release|Any CPU.Build.0 = Release|Any CPU
	EndGlobalSection
	GlobalSection(SolutionProperties) = preSolution
		HideSolutionNode = FALSE
	EndGlobalSection
	GlobalSection(ExtensibilityGlobals) = postSolution
		SolutionGuid = {742BBF48-6F54-4E3D-A74F-3F8A8CF2DC11}
	EndGlobalSection
EndGlobal
